
Microsoft Visual Studio Solution File, Format Version 12.00
# Visual Studio Version 16
VisualStudioVersion = 16.0.30611.23
MinimumVisualStudioVersion = 10.0.40219.1
Project("{9A19103F-16F7-4668-BE54-9A1E7A4F7556}") = "UptimeAPI", "UptimeAPI\UptimeAPI.csproj", "{8D33508E-EB5A-48E4-BB19-F8F55EA05BF7}"
	ProjectSection(ProjectDependencies) = postProject
		{AF6D9AE4-E0C3-45E6-9D6B-FA05D65D3B2A} = {AF6D9AE4-E0C3-45E6-9D6B-FA05D65D3B2A}
	EndProjectSection
EndProject
Project("{9A19103F-16F7-4668-BE54-9A1E7A4F7556}") = "Data", "Data\Data.csproj", "{AF6D9AE4-E0C3-45E6-9D6B-FA05D65D3B2A}"
EndProject
Project("{9A19103F-16F7-4668-BE54-9A1E7A4F7556}") = "ProcessingService", "ProcessingService\ProcessingService.csproj", "{C799B4B4-3D7F-464C-BF60-1115DC753A28}"
EndProject
Project("{E24C65DC-7377-472B-9ABA-BC803B73C61A}") = "UptimeMonitorWeb", "..\UptimeMonitorWeb\", "{FD1416CB-918F-4CE8-A0EA-ACC912DB9EB7}"
	ProjectSection(WebsiteProperties) = preProject
		TargetFrameworkMoniker = ".NETFramework,Version%3Dv4.0"
		Debug.AspNetCompiler.VirtualPath = "/localhost_63882"
		Debug.AspNetCompiler.PhysicalPath = "..\UptimeMonitorWeb\"
		Debug.AspNetCompiler.TargetPath = "PrecompiledWeb\localhost_63882\"
		Debug.AspNetCompiler.Updateable = "true"
		Debug.AspNetCompiler.ForceOverwrite = "true"
		Debug.AspNetCompiler.FixedNames = "false"
		Debug.AspNetCompiler.Debug = "True"
		Release.AspNetCompiler.VirtualPath = "/localhost_63882"
		Release.AspNetCompiler.PhysicalPath = "..\UptimeMonitorWeb\"
		Release.AspNetCompiler.TargetPath = "PrecompiledWeb\localhost_63882\"
		Release.AspNetCompiler.Updateable = "true"
		Release.AspNetCompiler.ForceOverwrite = "true"
		Release.AspNetCompiler.FixedNames = "false"
		Release.AspNetCompiler.Debug = "False"
		VWDPort = "63882"
	EndProjectSection
EndProject
Global
	GlobalSection(SolutionConfigurationPlatforms) = preSolution
		Debug|Any CPU = Debug|Any CPU
		Release|Any CPU = Release|Any CPU
	EndGlobalSection
	GlobalSection(ProjectConfigurationPlatforms) = postSolution
		{8D33508E-EB5A-48E4-BB19-F8F55EA05BF7}.Debug|Any CPU.ActiveCfg = Debug|Any CPU
		{8D33508E-EB5A-48E4-BB19-F8F55EA05BF7}.Debug|Any CPU.Build.0 = Debug|Any CPU
		{8D33508E-EB5A-48E4-BB19-F8F55EA05BF7}.Release|Any CPU.ActiveCfg = Release|Any CPU
		{8D33508E-EB5A-48E4-BB19-F8F55EA05BF7}.Release|Any CPU.Build.0 = Release|Any CPU
		{AF6D9AE4-E0C3-45E6-9D6B-FA05D65D3B2A}.Debug|Any CPU.ActiveCfg = Debug|Any CPU
		{AF6D9AE4-E0C3-45E6-9D6B-FA05D65D3B2A}.Debug|Any CPU.Build.0 = Debug|Any CPU
		{AF6D9AE4-E0C3-45E6-9D6B-FA05D65D3B2A}.Release|Any CPU.ActiveCfg = Release|Any CPU
		{AF6D9AE4-E0C3-45E6-9D6B-FA05D65D3B2A}.Release|Any CPU.Build.0 = Release|Any CPU
		{C799B4B4-3D7F-464C-BF60-1115DC753A28}.Debug|Any CPU.ActiveCfg = Debug|Any CPU
		{C799B4B4-3D7F-464C-BF60-1115DC753A28}.Debug|Any CPU.Build.0 = Debug|Any CPU
		{C799B4B4-3D7F-464C-BF60-1115DC753A28}.Release|Any CPU.ActiveCfg = Release|Any CPU
		{C799B4B4-3D7F-464C-BF60-1115DC753A28}.Release|Any CPU.Build.0 = Release|Any CPU
		{FD1416CB-918F-4CE8-A0EA-ACC912DB9EB7}.Debug|Any CPU.ActiveCfg = Debug|Any CPU
		{FD1416CB-918F-4CE8-A0EA-ACC912DB9EB7}.Debug|Any CPU.Build.0 = Debug|Any CPU
		{FD1416CB-918F-4CE8-A0EA-ACC912DB9EB7}.Release|Any CPU.ActiveCfg = Debug|Any CPU
		{FD1416CB-918F-4CE8-A0EA-ACC912DB9EB7}.Release|Any CPU.Build.0 = Debug|Any CPU
	EndGlobalSection
	GlobalSection(SolutionProperties) = preSolution
		HideSolutionNode = FALSE
	EndGlobalSection
	GlobalSection(ExtensibilityGlobals) = postSolution
		SolutionGuid = {4F91F7E7-16CD-493A-9CF5-80B7BA1DB835}
	EndGlobalSection
EndGlobal
